
Microsoft Visual Studio Solution File, Format Version 12.00
# Visual Studio Version 16
Project("{2150E333-8FDC-42A3-9474-1A3956D46DE8}") = "CMakePredefinedTargets", "CMakePredefinedTargets", "{1ED23204-E36C-3342-A036-5F562CBAF313}"
EndProject
Project("{8BC9CEB8-8B4A-11D0-8D11-00A0C91BC942}") = "CSC8503", "CSC8503\CSC8503.vcxproj", "{1A753346-88F2-3C98-A64F-A8B20587CD66}"
	ProjectSection(ProjectDependencies) = postProject
		{8286E690-63C2-340D-86D7-A19A82CB93D1} = {8286E690-63C2-340D-86D7-A19A82CB93D1}
		{B90824D2-C4B0-35B6-9544-6537A2279782} = {B90824D2-C4B0-35B6-9544-6537A2279782}
		{DE5288D2-5F4F-349A-945D-42F2481A051D} = {DE5288D2-5F4F-349A-945D-42F2481A051D}
		{0948EA04-30F7-3627-8965-EA3812995268} = {0948EA04-30F7-3627-8965-EA3812995268}
	EndProjectSection
EndProject
Project("{8BC9CEB8-8B4A-11D0-8D11-00A0C91BC942}") = "ALL_BUILD", "ALL_BUILD.vcxproj", "{7FD89859-19FE-376F-8412-C70C4D9516BB}"
	ProjectSection(ProjectDependencies) = postProject
		{1A753346-88F2-3C98-A64F-A8B20587CD66} = {1A753346-88F2-3C98-A64F-A8B20587CD66}
		{8286E690-63C2-340D-86D7-A19A82CB93D1} = {8286E690-63C2-340D-86D7-A19A82CB93D1}
		{B90824D2-C4B0-35B6-9544-6537A2279782} = {B90824D2-C4B0-35B6-9544-6537A2279782}
		{DE5288D2-5F4F-349A-945D-42F2481A051D} = {DE5288D2-5F4F-349A-945D-42F2481A051D}
		{0948EA04-30F7-3627-8965-EA3812995268} = {0948EA04-30F7-3627-8965-EA3812995268}
	EndProjectSection
EndProject
Project("{8BC9CEB8-8B4A-11D0-8D11-00A0C91BC942}") = "CSC8503CoreClasses", "CSC8503CoreClasses\CSC8503CoreClasses.vcxproj", "{8286E690-63C2-340D-86D7-A19A82CB93D1}"
	ProjectSection(ProjectDependencies) = postProject
		{0948EA04-30F7-3627-8965-EA3812995268} = {0948EA04-30F7-3627-8965-EA3812995268}
	EndProjectSection
EndProject
Project("{8BC9CEB8-8B4A-11D0-8D11-00A0C91BC942}") = "NCLCoreClasses", "NCLCoreClasses\NCLCoreClasses.vcxproj", "{B90824D2-C4B0-35B6-9544-6537A2279782}"
	ProjectSection(ProjectDependencies) = postProject
		{0948EA04-30F7-3627-8965-EA3812995268} = {0948EA04-30F7-3627-8965-EA3812995268}
	EndProjectSection
EndProject
Project("{8BC9CEB8-8B4A-11D0-8D11-00A0C91BC942}") = "OpenGLRendering", "OpenGLRendering\OpenGLRendering.vcxproj", "{DE5288D2-5F4F-349A-945D-42F2481A051D}"
	ProjectSection(ProjectDependencies) = postProject
		{B90824D2-C4B0-35B6-9544-6537A2279782} = {B90824D2-C4B0-35B6-9544-6537A2279782}
		{0948EA04-30F7-3627-8965-EA3812995268} = {0948EA04-30F7-3627-8965-EA3812995268}
	EndProjectSection
EndProject
Project("{8BC9CEB8-8B4A-11D0-8D11-00A0C91BC942}") = "ZERO_CHECK", "ZERO_CHECK.vcxproj", "{0948EA04-30F7-3627-8965-EA3812995268}"
	ProjectSection(ProjectDependencies) = postProject
	EndProjectSection
EndProject
Global
	GlobalSection(SolutionConfigurationPlatforms) = preSolution
		Debug|x64 = Debug|x64
		Release|x64 = Release|x64
	EndGlobalSection
	GlobalSection(ProjectConfigurationPlatforms) = postSolution
		{1A753346-88F2-3C98-A64F-A8B20587CD66}.Debug|x64.ActiveCfg = Debug|x64
		{1A753346-88F2-3C98-A64F-A8B20587CD66}.Debug|x64.Build.0 = Debug|x64
		{1A753346-88F2-3C98-A64F-A8B20587CD66}.Release|x64.ActiveCfg = Release|x64
		{1A753346-88F2-3C98-A64F-A8B20587CD66}.Release|x64.Build.0 = Release|x64
		{7FD89859-19FE-376F-8412-C70C4D9516BB}.Debug|x64.ActiveCfg = Debug|x64
		{7FD89859-19FE-376F-8412-C70C4D9516BB}.Release|x64.ActiveCfg = Release|x64
		{8286E690-63C2-340D-86D7-A19A82CB93D1}.Debug|x64.ActiveCfg = Debug|x64
		{8286E690-63C2-340D-86D7-A19A82CB93D1}.Debug|x64.Build.0 = Debug|x64
		{8286E690-63C2-340D-86D7-A19A82CB93D1}.Release|x64.ActiveCfg = Release|x64
		{8286E690-63C2-340D-86D7-A19A82CB93D1}.Release|x64.Build.0 = Release|x64
		{B90824D2-C4B0-35B6-9544-6537A2279782}.Debug|x64.ActiveCfg = Debug|x64
		{B90824D2-C4B0-35B6-9544-6537A2279782}.Debug|x64.Build.0 = Debug|x64
		{B90824D2-C4B0-35B6-9544-6537A2279782}.Release|x64.ActiveCfg = Release|x64
		{B90824D2-C4B0-35B6-9544-6537A2279782}.Release|x64.Build.0 = Release|x64
		{DE5288D2-5F4F-349A-945D-42F2481A051D}.Debug|x64.ActiveCfg = Debug|x64
		{DE5288D2-5F4F-349A-945D-42F2481A051D}.Debug|x64.Build.0 = Debug|x64
		{DE5288D2-5F4F-349A-945D-42F2481A051D}.Release|x64.ActiveCfg = Release|x64
		{DE5288D2-5F4F-349A-945D-42F2481A051D}.Release|x64.Build.0 = Release|x64
		{0948EA04-30F7-3627-8965-EA3812995268}.Debug|x64.ActiveCfg = Debug|x64
		{0948EA04-30F7-3627-8965-EA3812995268}.Debug|x64.Build.0 = Debug|x64
		{0948EA04-30F7-3627-8965-EA3812995268}.Release|x64.ActiveCfg = Release|x64
		{0948EA04-30F7-3627-8965-EA3812995268}.Release|x64.Build.0 = Release|x64
	EndGlobalSection
	GlobalSection(NestedProjects) = preSolution
		{7FD89859-19FE-376F-8412-C70C4D9516BB} = {1ED23204-E36C-3342-A036-5F562CBAF313}
		{0948EA04-30F7-3627-8965-EA3812995268} = {1ED23204-E36C-3342-A036-5F562CBAF313}
	EndGlobalSection
	GlobalSection(ExtensibilityGlobals) = postSolution
		SolutionGuid = {DC27BED4-F816-3C09-AC9E-9B163504B519}
	EndGlobalSection
	GlobalSection(ExtensibilityAddIns) = postSolution
	EndGlobalSection
EndGlobal
