<?xml version="1.0" encoding="utf-8"?>
<Project ToolsVersion="16.0" xmlns="http://schemas.microsoft.com/developer/msbuild/2003">
  <ItemGroup>
    <ClCompile Include="H:\CSC8503 2022\NCLCoreClasses\Assets.cpp">
      <Filter>Asset Handling</Filter>
    </ClCompile>
    <ClCompile Include="H:\CSC8503 2022\NCLCoreClasses\SimpleFont.cpp">
      <Filter>Asset Handling</Filter>
    </ClCompile>
    <ClCompile Include="H:\CSC8503 2022\NCLCoreClasses\TextureLoader.cpp">
      <Filter>Asset Handling</Filter>
    </ClCompile>
    <ClCompile Include="H:\CSC8503 2022\NCLCoreClasses\TextureWriter.cpp">
      <Filter>Asset Handling</Filter>
    </ClCompile>
    <ClCompile Include="H:\CSC8503 2022\NCLCoreClasses\Maths.cpp">
      <Filter>Maths</Filter>
    </ClCompile>
    <ClCompile Include="H:\CSC8503 2022\NCLCoreClasses\Matrix2.cpp">
      <Filter>Maths</Filter>
    </ClCompile>
    <ClCompile Include="H:\CSC8503 2022\NCLCoreClasses\Matrix3.cpp">
      <Filter>Maths</Filter>
    </ClCompile>
    <ClCompile Include="H:\CSC8503 2022\NCLCoreClasses\Matrix4.cpp">
      <Filter>Maths</Filter>
    </ClCompile>
    <ClCompile Include="H:\CSC8503 2022\NCLCoreClasses\Plane.cpp">
      <Filter>Maths</Filter>
    </ClCompile>
    <ClCompile Include="H:\CSC8503 2022\NCLCoreClasses\Quaternion.cpp">
      <Filter>Maths</Filter>
    </ClCompile>
    <ClCompile Include="H:\CSC8503 2022\NCLCoreClasses\Vector2.cpp">
      <Filter>Maths</Filter>
    </ClCompile>
    <ClCompile Include="H:\CSC8503 2022\NCLCoreClasses\Vector3.cpp">
      <Filter>Maths</Filter>
    </ClCompile>
    <ClCompile Include="H:\CSC8503 2022\NCLCoreClasses\Vector4.cpp">
      <Filter>Maths</Filter>
    </ClCompile>
    <ClCompile Include="H:\CSC8503 2022\NCLCoreClasses\MeshAnimation.cpp">
      <Filter>Rendering</Filter>
    </ClCompile>
    <ClCompile Include="H:\CSC8503 2022\NCLCoreClasses\MeshGeometry.cpp">
      <Filter>Rendering</Filter>
    </ClCompile>
    <ClCompile Include="H:\CSC8503 2022\NCLCoreClasses\MeshMaterial.cpp">
      <Filter>Rendering</Filter>
    </ClCompile>
    <ClCompile Include="H:\CSC8503 2022\NCLCoreClasses\RendererBase.cpp">
      <Filter>Rendering</Filter>
    </ClCompile>
    <ClCompile Include="H:\CSC8503 2022\NCLCoreClasses\ShaderBase.cpp">
      <Filter>Rendering</Filter>
    </ClCompile>
    <ClCompile Include="H:\CSC8503 2022\NCLCoreClasses\TextureBase.cpp">
      <Filter>Rendering</Filter>
    </ClCompile>
    <ClCompile Include="H:\CSC8503 2022\NCLCoreClasses\Camera.cpp">
      <Filter>Source Files</Filter>
    </ClCompile>
    <ClCompile Include="H:\CSC8503 2022\NCLCoreClasses\GameTimer.cpp">
      <Filter>Windowing and Input</Filter>
    </ClCompile>
    <ClCompile Include="H:\CSC8503 2022\NCLCoreClasses\Keyboard.cpp">
      <Filter>Windowing and Input</Filter>
    </ClCompile>
    <ClCompile Include="H:\CSC8503 2022\NCLCoreClasses\Mouse.cpp">
      <Filter>Windowing and Input</Filter>
    </ClCompile>
    <ClCompile Include="H:\CSC8503 2022\NCLCoreClasses\Window.cpp">
      <Filter>Windowing and Input</Filter>
    </ClCompile>
    <ClCompile Include="H:\CSC8503 2022\NCLCoreClasses\Win32Keyboard.cpp">
      <Filter>Windowing and Input\Win32</Filter>
    </ClCompile>
    <ClCompile Include="H:\CSC8503 2022\NCLCoreClasses\Win32Mouse.cpp">
      <Filter>Windowing and Input\Win32</Filter>
    </ClCompile>
    <ClCompile Include="H:\CSC8503 2022\NCLCoreClasses\Win32Window.cpp">
      <Filter>Windowing and Input\Win32</Filter>
    </ClCompile>
  </ItemGroup>
  <ItemGroup>
    <ClInclude Include="H:\CSC8503 2022\NCLCoreClasses\Assets.h">
      <Filter>Asset Handling</Filter>
    </ClInclude>
    <ClInclude Include="H:\CSC8503 2022\NCLCoreClasses\SimpleFont.h">
      <Filter>Asset Handling</Filter>
    </ClInclude>
    <ClInclude Include="H:\CSC8503 2022\NCLCoreClasses\TextureLoader.h">
      <Filter>Asset Handling</Filter>
    </ClInclude>
    <ClInclude Include="H:\CSC8503 2022\NCLCoreClasses\TextureWriter.h">
      <Filter>Asset Handling</Filter>
    </ClInclude>
    <ClInclude Include="H:\CSC8503 2022\NCLCoreClasses\Camera.h">
      <Filter>Header Files</Filter>
    </ClInclude>
    <ClInclude Include="H:\CSC8503 2022\NCLCoreClasses\Maths.h">
      <Filter>Maths</Filter>
    </ClInclude>
    <ClInclude Include="H:\CSC8503 2022\NCLCoreClasses\Matrix2.h">
      <Filter>Maths</Filter>
    </ClInclude>
    <ClInclude Include="H:\CSC8503 2022\NCLCoreClasses\Matrix3.h">
      <Filter>Maths</Filter>
    </ClInclude>
    <ClInclude Include="H:\CSC8503 2022\NCLCoreClasses\Matrix4.h">
      <Filter>Maths</Filter>
    </ClInclude>
    <ClInclude Include="H:\CSC8503 2022\NCLCoreClasses\Plane.h">
      <Filter>Maths</Filter>
    </ClInclude>
    <ClInclude Include="H:\CSC8503 2022\NCLCoreClasses\Quaternion.h">
      <Filter>Maths</Filter>
    </ClInclude>
    <ClInclude Include="H:\CSC8503 2022\NCLCoreClasses\Vector2.h">
      <Filter>Maths</Filter>
    </ClInclude>
    <ClInclude Include="H:\CSC8503 2022\NCLCoreClasses\Vector3.h">
      <Filter>Maths</Filter>
    </ClInclude>
    <ClInclude Include="H:\CSC8503 2022\NCLCoreClasses\Vector4.h">
      <Filter>Maths</Filter>
    </ClInclude>
    <ClInclude Include="H:\CSC8503 2022\NCLCoreClasses\MeshAnimation.h">
      <Filter>Rendering</Filter>
    </ClInclude>
    <ClInclude Include="H:\CSC8503 2022\NCLCoreClasses\MeshGeometry.h">
      <Filter>Rendering</Filter>
    </ClInclude>
    <ClInclude Include="H:\CSC8503 2022\NCLCoreClasses\MeshMaterial.h">
      <Filter>Rendering</Filter>
    </ClInclude>
    <ClInclude Include="H:\CSC8503 2022\NCLCoreClasses\RendererBase.h">
      <Filter>Rendering</Filter>
    </ClInclude>
    <ClInclude Include="H:\CSC8503 2022\NCLCoreClasses\ShaderBase.h">
      <Filter>Rendering</Filter>
    </ClInclude>
    <ClInclude Include="H:\CSC8503 2022\NCLCoreClasses\TextureBase.h">
      <Filter>Rendering</Filter>
    </ClInclude>
    <ClInclude Include="H:\CSC8503 2022\NCLCoreClasses\GameTimer.h">
      <Filter>Windowing and Input</Filter>
    </ClInclude>
    <ClInclude Include="H:\CSC8503 2022\NCLCoreClasses\Keyboard.h">
      <Filter>Windowing and Input</Filter>
    </ClInclude>
    <ClInclude Include="H:\CSC8503 2022\NCLCoreClasses\Mouse.h">
      <Filter>Windowing and Input</Filter>
    </ClInclude>
    <ClInclude Include="H:\CSC8503 2022\NCLCoreClasses\Window.h">
      <Filter>Windowing and Input</Filter>
    </ClInclude>
    <ClInclude Include="H:\CSC8503 2022\NCLCoreClasses\Win32Keyboard.h">
      <Filter>Windowing and Input\Win32</Filter>
    </ClInclude>
    <ClInclude Include="H:\CSC8503 2022\NCLCoreClasses\Win32Mouse.h">
      <Filter>Windowing and Input\Win32</Filter>
    </ClInclude>
    <ClInclude Include="H:\CSC8503 2022\NCLCoreClasses\Win32Window.h">
      <Filter>Windowing and Input\Win32</Filter>
    </ClInclude>
  </ItemGroup>
  <ItemGroup>
    <CustomBuild Include="H:\CSC8503 2022\NCLCoreClasses\CMakeLists.txt" />
  </ItemGroup>
  <ItemGroup>
    <Filter Include="Asset Handling">
      <UniqueIdentifier>{908CA026-D107-34CC-96BF-6589BF8651DB}</UniqueIdentifier>
    </Filter>
    <Filter Include="Header Files">
      <UniqueIdentifier>{F68458F7-0700-38AC-A529-57EFC034939C}</UniqueIdentifier>
    </Filter>
    <Filter Include="Maths">
      <UniqueIdentifier>{3945E0C9-3280-3819-A2DE-3FF60DD392F3}</UniqueIdentifier>
    </Filter>
    <Filter Include="Rendering">
      <UniqueIdentifier>{0BC6FBB3-8D47-332D-825F-06967D33B81D}</UniqueIdentifier>
    </Filter>
    <Filter Include="Source Files">
      <UniqueIdentifier>{AA7D8205-8241-3AF6-AB0B-06737DE60A50}</UniqueIdentifier>
    </Filter>
    <Filter Include="Windowing and Input">
      <UniqueIdentifier>{3C326A7E-1F65-3FE3-B7E4-01D2CFE06B5D}</UniqueIdentifier>
    </Filter>
    <Filter Include="Windowing and Input\Win32">
      <UniqueIdentifier>{60D0BAE1-DD48-3E69-93DC-284FC11A3571}</UniqueIdentifier>
    </Filter>
  </ItemGroup>
</Project>
